
Microsoft Visual Studio Solution File, Format Version 12.00
# Visual Studio Version 16
VisualStudioVersion = 16.0.31112.23
MinimumVisualStudioVersion = 10.0.40219.1
Project("{FAE04EC0-301F-11D3-BF4B-00C04F79EFBC}") = "RP2", "RP2\RP2.csproj", "{852E07BC-652D-4786-BD58-9D9493531E8E}"
EndProject
Project("{FAE04EC0-301F-11D3-BF4B-00C04F79EFBC}") = "WebRp2s", "WebRp2s\WebRp2s.csproj", "{1417CF43-7B21-4C9D-8AA0-A216A1462610}"
EndProject
Global
	GlobalSection(SolutionConfigurationPlatforms) = preSolution
		Debug|Any CPU = Debug|Any CPU
		Release|Any CPU = Release|Any CPU
	EndGlobalSection
	GlobalSection(ProjectConfigurationPlatforms) = postSolution
		{852E07BC-652D-4786-BD58-9D9493531E8E}.Debug|Any CPU.ActiveCfg = Debug|Any CPU
		{852E07BC-652D-4786-BD58-9D9493531E8E}.Debug|Any CPU.Build.0 = Debug|Any CPU
		{852E07BC-652D-4786-BD58-9D9493531E8E}.Release|Any CPU.ActiveCfg = Release|Any CPU
		{852E07BC-652D-4786-BD58-9D9493531E8E}.Release|Any CPU.Build.0 = Release|Any CPU
		{1417CF43-7B21-4C9D-8AA0-A216A1462610}.Debug|Any CPU.ActiveCfg = Debug|Any CPU
		{1417CF43-7B21-4C9D-8AA0-A216A1462610}.Debug|Any CPU.Build.0 = Debug|Any CPU
		{1417CF43-7B21-4C9D-8AA0-A216A1462610}.Release|Any CPU.ActiveCfg = Release|Any CPU
		{1417CF43-7B21-4C9D-8AA0-A216A1462610}.Release|Any CPU.Build.0 = Release|Any CPU
	EndGlobalSection
	GlobalSection(SolutionProperties) = preSolution
		HideSolutionNode = FALSE
	EndGlobalSection
	GlobalSection(ExtensibilityGlobals) = postSolution
		SolutionGuid = {75A1795A-38A8-42D3-9F32-9B5F544830B0}
	EndGlobalSection
EndGlobal
